
Microsoft Visual Studio Solution File, Format Version 12.00
# Visual Studio Version 16
VisualStudioVersion = 16.0.30621.155
MinimumVisualStudioVersion = 10.0.40219.1
Project("{FAE04EC0-301F-11D3-BF4B-00C04F79EFBC}") = "BoxOwlWeb", "BoxOwlWeb\BoxOwlWeb.csproj", "{5E7039DB-957F-4A1C-827F-FAC6F0CA8ABD}"
EndProject
Global
	GlobalSection(SolutionConfigurationPlatforms) = preSolution
		Debug|Any CPU = Debug|Any CPU
		Release|Any CPU = Release|Any CPU
	EndGlobalSection
	GlobalSection(ProjectConfigurationPlatforms) = postSolution
		{5E7039DB-957F-4A1C-827F-FAC6F0CA8ABD}.Debug|Any CPU.ActiveCfg = Debug|Any CPU
		{5E7039DB-957F-4A1C-827F-FAC6F0CA8ABD}.Debug|Any CPU.Build.0 = Debug|Any CPU
		{5E7039DB-957F-4A1C-827F-FAC6F0CA8ABD}.Release|Any CPU.ActiveCfg = Release|Any CPU
		{5E7039DB-957F-4A1C-827F-FAC6F0CA8ABD}.Release|Any CPU.Build.0 = Release|Any CPU
	EndGlobalSection
	GlobalSection(SolutionProperties) = preSolution
		HideSolutionNode = FALSE
	EndGlobalSection
	GlobalSection(ExtensibilityGlobals) = postSolution
		SolutionGuid = {0E0341BC-4AB6-47F9-AC10-830145FF4A29}
	EndGlobalSection
EndGlobal
